
Microsoft Visual Studio Solution File, Format Version 12.00
# Visual Studio Version 17
VisualStudioVersion = 17.7.34031.279
MinimumVisualStudioVersion = 10.0.40219.1
Project("{FAE04EC0-301F-11D3-BF4B-00C04F79EFBC}") = "FactoryPattern", "FactoryPattern\FactoryPattern.csproj", "{01DAFDC1-69A2-4EE6-BC78-0E5AF76FED84}"
EndProject
Global
	GlobalSection(SolutionConfigurationPlatforms) = preSolution
		Debug|Any CPU = Debug|Any CPU
		Release|Any CPU = Release|Any CPU
	EndGlobalSection
	GlobalSection(ProjectConfigurationPlatforms) = postSolution
		{01DAFDC1-69A2-4EE6-BC78-0E5AF76FED84}.Debug|Any CPU.ActiveCfg = Debug|Any CPU
		{01DAFDC1-69A2-4EE6-BC78-0E5AF76FED84}.Debug|Any CPU.Build.0 = Debug|Any CPU
		{01DAFDC1-69A2-4EE6-BC78-0E5AF76FED84}.Release|Any CPU.ActiveCfg = Release|Any CPU
		{01DAFDC1-69A2-4EE6-BC78-0E5AF76FED84}.Release|Any CPU.Build.0 = Release|Any CPU
	EndGlobalSection
	GlobalSection(SolutionProperties) = preSolution
		HideSolutionNode = FALSE
	EndGlobalSection
	GlobalSection(ExtensibilityGlobals) = postSolution
		SolutionGuid = {7E55BB7E-E831-472D-93E9-F7A8AF7520CD}
	EndGlobalSection
EndGlobal
